
Microsoft Visual Studio Solution File, Format Version 12.00
# Visual Studio Version 16
VisualStudioVersion = 16.0.29613.14
MinimumVisualStudioVersion = 10.0.40219.1
Project("{FAE04EC0-301F-11D3-BF4B-00C04F79EFBC}") = "HomeTaskOne", "HomeTaskOne\HomeTaskOne.csproj", "{8CA1C1EC-494D-49A7-8044-F1A9978F6014}"
EndProject
Global
	GlobalSection(SolutionConfigurationPlatforms) = preSolution
		Debug|Any CPU = Debug|Any CPU
		Release|Any CPU = Release|Any CPU
	EndGlobalSection
	GlobalSection(ProjectConfigurationPlatforms) = postSolution
		{8CA1C1EC-494D-49A7-8044-F1A9978F6014}.Debug|Any CPU.ActiveCfg = Debug|Any CPU
		{8CA1C1EC-494D-49A7-8044-F1A9978F6014}.Debug|Any CPU.Build.0 = Debug|Any CPU
		{8CA1C1EC-494D-49A7-8044-F1A9978F6014}.Release|Any CPU.ActiveCfg = Release|Any CPU
		{8CA1C1EC-494D-49A7-8044-F1A9978F6014}.Release|Any CPU.Build.0 = Release|Any CPU
	EndGlobalSection
	GlobalSection(SolutionProperties) = preSolution
		HideSolutionNode = FALSE
	EndGlobalSection
	GlobalSection(ExtensibilityGlobals) = postSolution
		SolutionGuid = {454EE2D4-1480-4BA1-9E4D-148B5F017701}
	EndGlobalSection
EndGlobal
